
Microsoft Visual Studio Solution File, Format Version 12.00
# Visual Studio Version 16
VisualStudioVersion = 16.0.30114.105
MinimumVisualStudioVersion = 10.0.40219.1
Project("{2150E333-8FDC-42A3-9474-1A3956D46DE8}") = "packages", "packages", "{1A2AAD52-0809-4D35-A3F7-4EA262C046CD}"
EndProject
Project("{2150E333-8FDC-42A3-9474-1A3956D46DE8}") = "server", "server", "{5CA86445-D7A0-4EA7-AE9E-9FC0823CD3C2}"
EndProject
Project("{2150E333-8FDC-42A3-9474-1A3956D46DE8}") = "src", "src", "{5484A3E5-2847-4507-A394-7630F1B9F586}"
EndProject
Project("{FAE04EC0-301F-11D3-BF4B-00C04F79EFBC}") = "Server.Main.AppDbMigration", "server\src\Server.Main.AppDbMigration\Server.Main.AppDbMigration.csproj", "{B3460F46-1927-41B3-9C97-CE55A5CBD8C1}"
EndProject
Project("{FAE04EC0-301F-11D3-BF4B-00C04F79EFBC}") = "Server.Main.WebApi", "server\src\Server.Main.WebApi\Server.Main.WebApi.csproj", "{B34E6C2A-7120-4820-A9ED-99446D928D29}"
EndProject
Project("{FAE04EC0-301F-11D3-BF4B-00C04F79EFBC}") = "Server.Model", "server\src\Server.Model\Server.Model.csproj", "{DF40BFA6-CF36-434D-8F94-4AFDE1CBBBF1}"
EndProject
Project("{FAE04EC0-301F-11D3-BF4B-00C04F79EFBC}") = "Server.Repository.AppDb", "server\src\Server.Repository.AppDb\Server.Repository.AppDb.csproj", "{CAD08760-4455-4505-BC76-08950C730D83}"
EndProject
Project("{2150E333-8FDC-42A3-9474-1A3956D46DE8}") = "test", "test", "{0A186EFA-DE61-45BA-B310-2D11BA41D71C}"
EndProject
Project("{FAE04EC0-301F-11D3-BF4B-00C04F79EFBC}") = "Server.Repository.AppDb.Test", "server\test\Server.Repository.AppDb.Test\Server.Repository.AppDb.Test.csproj", "{FF35FBEC-A68C-419B-9F19-799A428CE034}"
EndProject
Global
	GlobalSection(SolutionConfigurationPlatforms) = preSolution
		Debug|Any CPU = Debug|Any CPU
		Release|Any CPU = Release|Any CPU
	EndGlobalSection
	GlobalSection(SolutionProperties) = preSolution
		HideSolutionNode = FALSE
	EndGlobalSection
	GlobalSection(ProjectConfigurationPlatforms) = postSolution
		{B3460F46-1927-41B3-9C97-CE55A5CBD8C1}.Debug|Any CPU.ActiveCfg = Debug|Any CPU
		{B3460F46-1927-41B3-9C97-CE55A5CBD8C1}.Debug|Any CPU.Build.0 = Debug|Any CPU
		{B3460F46-1927-41B3-9C97-CE55A5CBD8C1}.Release|Any CPU.ActiveCfg = Release|Any CPU
		{B3460F46-1927-41B3-9C97-CE55A5CBD8C1}.Release|Any CPU.Build.0 = Release|Any CPU
		{B34E6C2A-7120-4820-A9ED-99446D928D29}.Debug|Any CPU.ActiveCfg = Debug|Any CPU
		{B34E6C2A-7120-4820-A9ED-99446D928D29}.Debug|Any CPU.Build.0 = Debug|Any CPU
		{B34E6C2A-7120-4820-A9ED-99446D928D29}.Release|Any CPU.ActiveCfg = Release|Any CPU
		{B34E6C2A-7120-4820-A9ED-99446D928D29}.Release|Any CPU.Build.0 = Release|Any CPU
		{DF40BFA6-CF36-434D-8F94-4AFDE1CBBBF1}.Debug|Any CPU.ActiveCfg = Debug|Any CPU
		{DF40BFA6-CF36-434D-8F94-4AFDE1CBBBF1}.Debug|Any CPU.Build.0 = Debug|Any CPU
		{DF40BFA6-CF36-434D-8F94-4AFDE1CBBBF1}.Release|Any CPU.ActiveCfg = Release|Any CPU
		{DF40BFA6-CF36-434D-8F94-4AFDE1CBBBF1}.Release|Any CPU.Build.0 = Release|Any CPU
		{CAD08760-4455-4505-BC76-08950C730D83}.Debug|Any CPU.ActiveCfg = Debug|Any CPU
		{CAD08760-4455-4505-BC76-08950C730D83}.Debug|Any CPU.Build.0 = Debug|Any CPU
		{CAD08760-4455-4505-BC76-08950C730D83}.Release|Any CPU.ActiveCfg = Release|Any CPU
		{CAD08760-4455-4505-BC76-08950C730D83}.Release|Any CPU.Build.0 = Release|Any CPU
		{FF35FBEC-A68C-419B-9F19-799A428CE034}.Debug|Any CPU.ActiveCfg = Debug|Any CPU
		{FF35FBEC-A68C-419B-9F19-799A428CE034}.Debug|Any CPU.Build.0 = Debug|Any CPU
		{FF35FBEC-A68C-419B-9F19-799A428CE034}.Release|Any CPU.ActiveCfg = Release|Any CPU
		{FF35FBEC-A68C-419B-9F19-799A428CE034}.Release|Any CPU.Build.0 = Release|Any CPU
	EndGlobalSection
	GlobalSection(NestedProjects) = preSolution
		{5CA86445-D7A0-4EA7-AE9E-9FC0823CD3C2} = {1A2AAD52-0809-4D35-A3F7-4EA262C046CD}
		{5484A3E5-2847-4507-A394-7630F1B9F586} = {5CA86445-D7A0-4EA7-AE9E-9FC0823CD3C2}
		{B3460F46-1927-41B3-9C97-CE55A5CBD8C1} = {5484A3E5-2847-4507-A394-7630F1B9F586}
		{B34E6C2A-7120-4820-A9ED-99446D928D29} = {5484A3E5-2847-4507-A394-7630F1B9F586}
		{DF40BFA6-CF36-434D-8F94-4AFDE1CBBBF1} = {5484A3E5-2847-4507-A394-7630F1B9F586}
		{CAD08760-4455-4505-BC76-08950C730D83} = {5484A3E5-2847-4507-A394-7630F1B9F586}
		{0A186EFA-DE61-45BA-B310-2D11BA41D71C} = {5CA86445-D7A0-4EA7-AE9E-9FC0823CD3C2}
		{FF35FBEC-A68C-419B-9F19-799A428CE034} = {0A186EFA-DE61-45BA-B310-2D11BA41D71C}
	EndGlobalSection
EndGlobal
